PODS:
  - GDRealtime (0.3.0):
    - GDRealtime/default
  - GDRealtime/common (0.3.0):
    - GDRealtime/generated
    - Google-Diff-Match-Patch (~> 0.0.1)
    - GTMHTTPFetcher (~> 0.0.1)
  - GDRealtime/default (0.3.0):
    - GDRealtime/common
  - GDRealtime/generated (0.3.0):
    - GDRealtime/generated/api
    - GDRealtime/generated/channel
    - GDRealtime/generated/elemental
    - GDRealtime/generated/operation
    - GDRealtime/generated/services
  - GDRealtime/generated/api (0.3.0):
    - GDRealtime/generated/channel
  - GDRealtime/generated/channel (0.3.0):
    - GDRealtime/generated/operation
  - GDRealtime/generated/elemental (0.3.0):
    - J2ObjC (= 0.8.6.1)
  - GDRealtime/generated/operation (0.3.0):
    - GDRealtime/generated/elemental
  - GDRealtime/generated/services (0.3.0):
    - Google-API-Client/Common
    - Google-API-Client/Objects
    - Google-API-Client/Utilities
  - Google-API-Client/Common (0.0.1):
    - gtm-oauth2
    - GTMHTTPFetcher
    - SBJson
  - Google-API-Client/Objects (0.0.1):
    - gtm-oauth2
    - GTMHTTPFetcher
    - SBJson
  - Google-API-Client/Utilities (0.0.1):
    - gtm-oauth2
    - GTMHTTPFetcher
    - SBJson
  - Google-Diff-Match-Patch (0.0.1)
  - gtm-oauth2 (0.0.1):
    - gtm-oauth2/Core
    - GTMHTTPFetcher
    - SBJson
  - gtm-oauth2/Core (0.0.1):
    - gtm-oauth2/Core/Mac
    - gtm-oauth2/Core/Touch
    - GTMHTTPFetcher
    - SBJson
  - gtm-oauth2/Core/Mac (0.0.1):
    - GTMHTTPFetcher
    - SBJson
  - gtm-oauth2/Core/Touch (0.0.1):
    - GTMHTTPFetcher
    - SBJson
  - GTMHTTPFetcher (0.0.1):
    - SBJson
  - J2ObjC (0.8.6.1):
    - J2ObjC/lib/jre
  - J2ObjC/lib/jre (0.8.6.1)
  - PonyDebugger (0.3.0):
    - SocketRocket
  - SBJson (3.2)
  - SocketRocket (0.3.1-beta2)

DEPENDENCIES:
  - GDRealtime (from `..`)
  - J2ObjC (from `https://github.com/larrytin/j2objc.git`)
  - PonyDebugger (~> 0.3.0)

EXTERNAL SOURCES:
  GDRealtime:
    :path: ..
  J2ObjC:
    :git: https://github.com/larrytin/j2objc.git

SPEC CHECKSUMS:
  GDRealtime: 5b772a3beea624d14157cc3f5ae57e43ad0f9a53
  Google-API-Client: a5aea65083895ad2fa8eeca4747478215c9ac934
  Google-Diff-Match-Patch: 63f4950ecbd0bf3f7ccae48987e958fc825041d3
  gtm-oauth2: af6d1ff3d4b14b35d3709f7f4bf2be8b43e45e62
  GTMHTTPFetcher: b0af09f18ec87e7a5edeffcc8cb6449fdbf0e83f
  J2ObjC: 8d92e82e53edd9699fc5fc01129a1a5606134576
  PonyDebugger: b8b504d18c6fe8cfe904295d8e908b076bdfa291
  SBJson: e60b4dc22448c2ae1e754b523a4ab53408e85c8d
  SocketRocket: 7ac946bcce46287a791dfff3c1f8daa692821dae

COCOAPODS: 0.26.2
