PODS:
  - GDRealtime (0.0.1):
    - GDRealtime/default
  - GDRealtime/common (0.0.1):
    - Google-Diff-Match-Patch (~> 0.0.1)
  - GDRealtime/default (0.0.1):
    - GDRealtime/common
    - GDRealtime/generated
    - jre_emul (~> 0.7.2)
  - GDRealtime/generated (0.0.1):
    - GDRealtime/generated/channel
    - GDRealtime/generated/elemental
    - GDRealtime/generated/model
    - GDRealtime/generated/services
  - GDRealtime/generated/channel (0.0.1):
    - GDRealtime/generated/model
  - GDRealtime/generated/elemental (0.0.1)
  - GDRealtime/generated/model (0.0.1):
    - GDRealtime/generated/model/op
  - GDRealtime/generated/model/op (0.0.1):
    - GDRealtime/generated/elemental
  - GDRealtime/generated/services (0.0.1):
    - Google-API-Client/Common
    - Google-API-Client/Objects
    - Google-API-Client/Utilities
  - GDRealtime/test (0.0.1):
    - GDRealtime/common
    - GDRealtime/generated/model
  - Google-API-Client/Common (0.0.1):
    - gtm-oauth2
    - GTMHTTPFetcher
    - SBJson
  - Google-API-Client/Objects (0.0.1):
    - gtm-oauth2
    - GTMHTTPFetcher
    - SBJson
  - Google-API-Client/Utilities (0.0.1):
    - gtm-oauth2
    - GTMHTTPFetcher
    - SBJson
  - Google-Diff-Match-Patch (0.0.1)
  - gtm-oauth2 (0.0.1):
    - gtm-oauth2/Core
    - GTMHTTPFetcher
    - SBJson
  - gtm-oauth2/Core (0.0.1):
    - gtm-oauth2/Core/Mac
    - gtm-oauth2/Core/Touch
    - GTMHTTPFetcher
    - SBJson
  - gtm-oauth2/Core/Mac (0.0.1):
    - GTMHTTPFetcher
    - SBJson
  - gtm-oauth2/Core/Touch (0.0.1):
    - GTMHTTPFetcher
    - SBJson
  - GTMHTTPFetcher (0.0.1):
    - SBJson
  - jre_emul (0.7.2):
    - jre_emul/jre
  - jre_emul/jre (0.7.2)
  - SBJson (3.2)

DEPENDENCIES:
  - GDRealtime
  - GDRealtime (from `..`)
  - GDRealtime/test

EXTERNAL SOURCES:
  GDRealtime:
    :path: ..

SPEC CHECKSUMS:
  GDRealtime: 38bacf39f566de5aba192071519f23cf1c078c83
  Google-API-Client: 1418612c357ae32aeb9aa9ddf6ba42e1652a49de
  Google-Diff-Match-Patch: a4f62e11af850bea98689c8f24e382e47c46bf59
  gtm-oauth2: c4824003b569bc9b96446661fb92dbc681335499
  GTMHTTPFetcher: 99f026c2d7afbcf2a051a64a3e81dcaedd060135
  jre_emul: d4d14f21215f74c88830c834e6e46f63e285e149
  SBJson: e60b4dc22448c2ae1e754b523a4ab53408e85c8d

COCOAPODS: 0.19.1
