PODS:
  - BlocksKit (1.8.2):
    - libffi
  - GDRealtime (0.0.1):
    - GDRealtime/default
  - GDRealtime/core (0.0.1):
    - Google-Diff-Match-Patch (~> 0.0.1)
  - GDRealtime/default (0.0.1):
    - GDRealtime/core
    - GDRealtime/generated
    - jre_emul (~> 0.7.2)
  - GDRealtime/generated (0.0.1)
  - GDRealtime/test (0.0.1):
    - GDRealtime/core
    - GDRealtime/generated
  - Google-Diff-Match-Patch (0.0.1)
  - jre_emul (0.7.2):
    - jre_emul/jre
  - jre_emul/jre (0.7.2)
  - libffi (3.0.11)

DEPENDENCIES:
  - BlocksKit
  - GDRealtime (from `..`)
  - GDRealtime/test

EXTERNAL SOURCES:
  GDRealtime:
    :path: ..

SPEC CHECKSUMS:
  BlocksKit: 7396526b0816734103f6133fbb1a520c8b04e80c
  GDRealtime: eb97cdfa88f53fec7db065308db12e2bc57b295d
  Google-Diff-Match-Patch: a4f62e11af850bea98689c8f24e382e47c46bf59
  jre_emul: d4d14f21215f74c88830c834e6e46f63e285e149
  libffi: 8a1d9ba43c0c84b546b42c6f742714e73aa07ae1

COCOAPODS: 0.19.1
