PODS:
  - GDChannel (0.5.5):
    - GDJson (~> 0.5)
    - Google-Diff-Match-Patch (~> 0.0.1)
    - SocketRocket (~> 0.3.1-beta2)
  - GDJson (0.5.5):
    - J2ObjC (~> 0.9)
  - GDStore (0.5.5):
    - GDChannel (~> 0.5)
  - Google-Diff-Match-Patch (0.0.1)
  - J2ObjC (0.9.3):
    - J2ObjC/lib/jre
  - J2ObjC/lib/jre (0.9.3)
  - SocketRocket (0.3.1-beta2)

DEPENDENCIES:
  - GDStore (from `..`)
  - J2ObjC (= 0.9.3)

EXTERNAL SOURCES:
  GDStore:
    :path: ..

SPEC CHECKSUMS:
  GDChannel: 947f34306c58523c05398a86d634dd7a071e5833
  GDJson: 62812741823991956bbcd3c2e7cb5a0cdfa1352a
  GDStore: 49f2c5937d1ac6022cb296012621c30692cc4edd
  Google-Diff-Match-Patch: 1f9c0b972c351d9c0a4fee137eb96896460477cd
  J2ObjC: e5881af74be2a3df0eadd377ce5fcf88712c2e26
  SocketRocket: 79a68ae186063c65e1fe6f638b1ae2927aa5f304

COCOAPODS: 0.34.4
