// !$*UTF8*$!
{
	archiveVersion = 1;
	classes = {
	};
	objectVersion = 46;
	objects = {

/* Begin PBXBuildFile section */
		CB80E219CDB44DA13DDF35EC /* libPods-Playground-iOS.a in Frameworks */ = {isa = PBXBuildFile; fileRef = 4EF0552339EA4538DC92853F /* libPods-Playground-iOS.a */; };
		FA3B9F861A03EE430070B584 /* main.m in Sources */ = {isa = PBXBuildFile; fileRef = FA3B9F851A03EE430070B584 /* main.m */; };
		FA3B9F891A03EE430070B584 /* AppDelegate.m in Sources */ = {isa = PBXBuildFile; fileRef = FA3B9F881A03EE430070B584 /* AppDelegate.m */; };
		FA3B9F8C1A03EE430070B584 /* ViewController.m in Sources */ = {isa = PBXBuildFile; fileRef = FA3B9F8B1A03EE430070B584 /* ViewController.m */; };
		FA3B9F8F1A03EE430070B584 /* Main.storyboard in Resources */ = {isa = PBXBuildFile; fileRef = FA3B9F8D1A03EE430070B584 /* Main.storyboard */; };
		FA3B9F911A03EE430070B584 /* Images.xcassets in Resources */ = {isa = PBXBuildFile; fileRef = FA3B9F901A03EE430070B584 /* Images.xcassets */; };
		FA3B9F941A03EE430070B584 /* LaunchScreen.xib in Resources */ = {isa = PBXBuildFile; fileRef = FA3B9F921A03EE430070B584 /* LaunchScreen.xib */; };
		FA3B9FA01A03EE430070B584 /* Playground_iOSTests.m in Sources */ = {isa = PBXBuildFile; fileRef = FA3B9F9F1A03EE430070B584 /* Playground_iOSTests.m */; };
/* End PBXBuildFile section */

/* Begin PBXContainerItemProxy section */
		FA3B9F9A1A03EE430070B584 /* PBXContainerItemProxy */ = {
			isa = PBXContainerItemProxy;
			containerPortal = FA3B9F781A03EE430070B584 /* Project object */;
			proxyType = 1;
			remoteGlobalIDString = FA3B9F7F1A03EE430070B584;
			remoteInfo = "Playground-iOS";
		};
/* End PBXContainerItemProxy section */

/* Begin PBXFileReference section */
		4675AA0CBF0A8DDE9698736B /* Pods-Playground-iOS.release.xcconfig */ = {isa = PBXFileReference; includeInIndex = 1; lastKnownFileType = text.xcconfig; name = "Pods-Playground-iOS.release.xcconfig"; path = "Pods/Target Support Files/Pods-Playground-iOS/Pods-Playground-iOS.release.xcconfig"; sourceTree = "<group>"; };
		4EF0552339EA4538DC92853F /* libPods-Playground-iOS.a */ = {isa = PBXFileReference; explicitFileType = archive.ar; includeInIndex = 0; path = "libPods-Playground-iOS.a"; sourceTree = BUILT_PRODUCTS_DIR; };
		74C6193B397B6B825036B822 /* Pods-Playground-iOS.debug.xcconfig */ = {isa = PBXFileReference; includeInIndex = 1; lastKnownFileType = text.xcconfig; name = "Pods-Playground-iOS.debug.xcconfig"; path = "Pods/Target Support Files/Pods-Playground-iOS/Pods-Playground-iOS.debug.xcconfig"; sourceTree = "<group>"; };
		FA3B9F801A03EE430070B584 /* Playground-iOS.app */ = {isa = PBXFileReference; explicitFileType = wrapper.application; includeInIndex = 0; path = "Playground-iOS.app"; sourceTree = BUILT_PRODUCTS_DIR; };
		FA3B9F841A03EE430070B584 /* Info.plist */ = {isa = PBXFileReference; lastKnownFileType = text.plist.xml; path = Info.plist; sourceTree = "<group>"; };
		FA3B9F851A03EE430070B584 /* main.m */ = {isa = PBXFileReference; lastKnownFileType = sourcecode.c.objc; path = main.m; sourceTree = "<group>"; };
		FA3B9F871A03EE430070B584 /* AppDelegate.h */ = {isa = PBXFileReference; lastKnownFileType = sourcecode.c.h; path = AppDelegate.h; sourceTree = "<group>"; };
		FA3B9F881A03EE430070B584 /* AppDelegate.m */ = {isa = PBXFileReference; lastKnownFileType = sourcecode.c.objc; path = AppDelegate.m; sourceTree = "<group>"; };
		FA3B9F8A1A03EE430070B584 /* ViewController.h */ = {isa = PBXFileReference; lastKnownFileType = sourcecode.c.h; path = ViewController.h; sourceTree = "<group>"; };
		FA3B9F8B1A03EE430070B584 /* ViewController.m */ = {isa = PBXFileReference; lastKnownFileType = sourcecode.c.objc; path = ViewController.m; sourceTree = "<group>"; };
		FA3B9F8E1A03EE430070B584 /* Base */ = {isa = PBXFileReference; lastKnownFileType = file.storyboard; name = Base; path = Base.lproj/Main.storyboard; sourceTree = "<group>"; };
		FA3B9F901A03EE430070B584 /* Images.xcassets */ = {isa = PBXFileReference; lastKnownFileType = folder.assetcatalog; path = Images.xcassets; sourceTree = "<group>"; };
		FA3B9F931A03EE430070B584 /* Base */ = {isa = PBXFileReference; lastKnownFileType = file.xib; name = Base; path = Base.lproj/LaunchScreen.xib; sourceTree = "<group>"; };
		FA3B9F991A03EE430070B584 /* Playground-iOSTests.xctest */ = {isa = PBXFileReference; explicitFileType = wrapper.cfbundle; includeInIndex = 0; path = "Playground-iOSTests.xctest"; sourceTree = BUILT_PRODUCTS_DIR; };
		FA3B9F9E1A03EE430070B584 /* Info.plist */ = {isa = PBXFileReference; lastKnownFileType = text.plist.xml; path = Info.plist; sourceTree = "<group>"; };
		FA3B9F9F1A03EE430070B584 /* Playground_iOSTests.m */ = {isa = PBXFileReference; lastKnownFileType = sourcecode.c.objc; path = Playground_iOSTests.m; sourceTree = "<group>"; };
/* End PBXFileReference section */

/* Begin PBXFrameworksBuildPhase section */
		FA3B9F7D1A03EE430070B584 /* Frameworks */ = {
			isa = PBXFrameworksBuildPhase;
			buildActionMask = 2147483647;
			files = (
				CB80E219CDB44DA13DDF35EC /* libPods-Playground-iOS.a in Frameworks */,
			);
			runOnlyForDeploymentPostprocessing = 0;
		};
		FA3B9F961A03EE430070B584 /* Frameworks */ = {
			isa = PBXFrameworksBuildPhase;
			buildActionMask = 2147483647;
			files = (
			);
			runOnlyForDeploymentPostprocessing = 0;
		};
/* End PBXFrameworksBuildPhase section */

/* Begin PBXGroup section */
		199F7DE736B9864C28F1ABB2 /* Pods */ = {
			isa = PBXGroup;
			children = (
				74C6193B397B6B825036B822 /* Pods-Playground-iOS.debug.xcconfig */,
				4675AA0CBF0A8DDE9698736B /* Pods-Playground-iOS.release.xcconfig */,
			);
			name = Pods;
			sourceTree = "<group>";
		};
		7A4E9C17D840412483CB0E64 /* Frameworks */ = {
			isa = PBXGroup;
			children = (
				4EF0552339EA4538DC92853F /* libPods-Playground-iOS.a */,
			);
			name = Frameworks;
			sourceTree = "<group>";
		};
		FA3B9F771A03EE430070B584 = {
			isa = PBXGroup;
			children = (
				FA3B9F821A03EE430070B584 /* Playground-iOS */,
				FA3B9F9C1A03EE430070B584 /* Playground-iOSTests */,
				FA3B9F811A03EE430070B584 /* Products */,
				199F7DE736B9864C28F1ABB2 /* Pods */,
				7A4E9C17D840412483CB0E64 /* Frameworks */,
			);
			sourceTree = "<group>";
		};
		FA3B9F811A03EE430070B584 /* Products */ = {
			isa = PBXGroup;
			children = (
				FA3B9F801A03EE430070B584 /* Playground-iOS.app */,
				FA3B9F991A03EE430070B584 /* Playground-iOSTests.xctest */,
			);
			name = Products;
			sourceTree = "<group>";
		};
		FA3B9F821A03EE430070B584 /* Playground-iOS */ = {
			isa = PBXGroup;
			children = (
				FA3B9F871A03EE430070B584 /* AppDelegate.h */,
				FA3B9F881A03EE430070B584 /* AppDelegate.m */,
				FA3B9F8A1A03EE430070B584 /* ViewController.h */,
				FA3B9F8B1A03EE430070B584 /* ViewController.m */,
				FA3B9F8D1A03EE430070B584 /* Main.storyboard */,
				FA3B9F901A03EE430070B584 /* Images.xcassets */,
				FA3B9F921A03EE430070B584 /* LaunchScreen.xib */,
				FA3B9F831A03EE430070B584 /* Supporting Files */,
			);
			path = "Playground-iOS";
			sourceTree = "<group>";
		};
		FA3B9F831A03EE430070B584 /* Supporting Files */ = {
			isa = PBXGroup;
			children = (
				FA3B9F841A03EE430070B584 /* Info.plist */,
				FA3B9F851A03EE430070B584 /* main.m */,
			);
			name = "Supporting Files";
			sourceTree = "<group>";
		};
		FA3B9F9C1A03EE430070B584 /* Playground-iOSTests */ = {
			isa = PBXGroup;
			children = (
				FA3B9F9F1A03EE430070B584 /* Playground_iOSTests.m */,
				FA3B9F9D1A03EE430070B584 /* Supporting Files */,
			);
			path = "Playground-iOSTests";
			sourceTree = "<group>";
		};
		FA3B9F9D1A03EE430070B584 /* Supporting Files */ = {
			isa = PBXGroup;
			children = (
				FA3B9F9E1A03EE430070B584 /* Info.plist */,
			);
			name = "Supporting Files";
			sourceTree = "<group>";
		};
/* End PBXGroup section */

/* Begin PBXNativeTarget section */
		FA3B9F7F1A03EE430070B584 /* Playground-iOS */ = {
			isa = PBXNativeTarget;
			buildConfigurationList = FA3B9FA31A03EE430070B584 /* Build configuration list for PBXNativeTarget "Playground-iOS" */;
			buildPhases = (
				3A1223C7A7B3CAA826015C60 /* Check Pods Manifest.lock */,
				FA3B9F7C1A03EE430070B584 /* Sources */,
				FA3B9F7D1A03EE430070B584 /* Frameworks */,
				FA3B9F7E1A03EE430070B584 /* Resources */,
				68CFCF182FBEBEFB4C4B7BD3 /* Copy Pods Resources */,
			);
			buildRules = (
			);
			dependencies = (
			);
			name = "Playground-iOS";
			productName = "Playground-iOS";
			productReference = FA3B9F801A03EE430070B584 /* Playground-iOS.app */;
			productType = "com.apple.product-type.application";
		};
		FA3B9F981A03EE430070B584 /* Playground-iOSTests */ = {
			isa = PBXNativeTarget;
			buildConfigurationList = FA3B9FA61A03EE430070B584 /* Build configuration list for PBXNativeTarget "Playground-iOSTests" */;
			buildPhases = (
				FA3B9F951A03EE430070B584 /* Sources */,
				FA3B9F961A03EE430070B584 /* Frameworks */,
				FA3B9F971A03EE430070B584 /* Resources */,
			);
			buildRules = (
			);
			dependencies = (
				FA3B9F9B1A03EE430070B584 /* PBXTargetDependency */,
			);
			name = "Playground-iOSTests";
			productName = "Playground-iOSTests";
			productReference = FA3B9F991A03EE430070B584 /* Playground-iOSTests.xctest */;
			productType = "com.apple.product-type.bundle.unit-test";
		};
/* End PBXNativeTarget section */

/* Begin PBXProject section */
		FA3B9F781A03EE430070B584 /* Project object */ = {
			isa = PBXProject;
			attributes = {
				LastUpgradeCheck = 0610;
				ORGANIZATIONNAME = HonghaoZ;
				TargetAttributes = {
					FA3B9F7F1A03EE430070B584 = {
						CreatedOnToolsVersion = 6.1;
					};
					FA3B9F981A03EE430070B584 = {
						CreatedOnToolsVersion = 6.1;
						TestTargetID = FA3B9F7F1A03EE430070B584;
					};
				};
			};
			buildConfigurationList = FA3B9F7B1A03EE430070B584 /* Build configuration list for PBXProject "Playground-iOS" */;
			compatibilityVersion = "Xcode 3.2";
			developmentRegion = English;
			hasScannedForEncodings = 0;
			knownRegions = (
				en,
				Base,
			);
			mainGroup = FA3B9F771A03EE430070B584;
			productRefGroup = FA3B9F811A03EE430070B584 /* Products */;
			projectDirPath = "";
			projectRoot = "";
			targets = (
				FA3B9F7F1A03EE430070B584 /* Playground-iOS */,
				FA3B9F981A03EE430070B584 /* Playground-iOSTests */,
			);
		};
/* End PBXProject section */

/* Begin PBXResourcesBuildPhase section */
		FA3B9F7E1A03EE430070B584 /* Resources */ = {
			isa = PBXResourcesBuildPhase;
			buildActionMask = 2147483647;
			files = (
				FA3B9F8F1A03EE430070B584 /* Main.storyboard in Resources */,
				FA3B9F941A03EE430070B584 /* LaunchScreen.xib in Resources */,
				FA3B9F911A03EE430070B584 /* Images.xcassets in Resources */,
			);
			runOnlyForDeploymentPostprocessing = 0;
		};
		FA3B9F971A03EE430070B584 /* Resources */ = {
			isa = PBXResourcesBuildPhase;
			buildActionMask = 2147483647;
			files = (
			);
			runOnlyForDeploymentPostprocessing = 0;
		};
/* End PBXResourcesBuildPhase section */

/* Begin PBXShellScriptBuildPhase section */
		3A1223C7A7B3CAA826015C60 /* Check Pods Manifest.lock */ = {
			isa = PBXShellScriptBuildPhase;
			buildActionMask = 2147483647;
			files = (
			);
			inputPaths = (
			);
			name = "Check Pods Manifest.lock";
			outputPaths = (
			);
			runOnlyForDeploymentPostprocessing = 0;
			shellPath = /bin/sh;
			shellScript = "diff \"${PODS_ROOT}/../Podfile.lock\" \"${PODS_ROOT}/Manifest.lock\" > /dev/null\nif [[ $? != 0 ]] ; then\n    cat << EOM\nerror: The sandbox is not in sync with the Podfile.lock. Run 'pod install' or update your CocoaPods installation.\nEOM\n    exit 1\nfi\n";
			showEnvVarsInLog = 0;
		};
		68CFCF182FBEBEFB4C4B7BD3 /* Copy Pods Resources */ = {
			isa = PBXShellScriptBuildPhase;
			buildActionMask = 2147483647;
			files = (
			);
			inputPaths = (
			);
			name = "Copy Pods Resources";
			outputPaths = (
			);
			runOnlyForDeploymentPostprocessing = 0;
			shellPath = /bin/sh;
			shellScript = "\"${SRCROOT}/Pods/Target Support Files/Pods-Playground-iOS/Pods-Playground-iOS-resources.sh\"\n";
			showEnvVarsInLog = 0;
		};
/* End PBXShellScriptBuildPhase section */

/* Begin PBXSourcesBuildPhase section */
		FA3B9F7C1A03EE430070B584 /* Sources */ = {
			isa = PBXSourcesBuildPhase;
			buildActionMask = 2147483647;
			files = (
				FA3B9F8C1A03EE430070B584 /* ViewController.m in Sources */,
				FA3B9F891A03EE430070B584 /* AppDelegate.m in Sources */,
				FA3B9F861A03EE430070B584 /* main.m in Sources */,
			);
			runOnlyForDeploymentPostprocessing = 0;
		};
		FA3B9F951A03EE430070B584 /* Sources */ = {
			isa = PBXSourcesBuildPhase;
			buildActionMask = 2147483647;
			files = (
				FA3B9FA01A03EE430070B584 /* Playground_iOSTests.m in Sources */,
			);
			runOnlyForDeploymentPostprocessing = 0;
		};
/* End PBXSourcesBuildPhase section */

/* Begin PBXTargetDependency section */
		FA3B9F9B1A03EE430070B584 /* PBXTargetDependency */ = {
			isa = PBXTargetDependency;
			target = FA3B9F7F1A03EE430070B584 /* Playground-iOS */;
			targetProxy = FA3B9F9A1A03EE430070B584 /* PBXContainerItemProxy */;
		};
/* End PBXTargetDependency section */

/* Begin PBXVariantGroup section */
		FA3B9F8D1A03EE430070B584 /* Main.storyboard */ = {
			isa = PBXVariantGroup;
			children = (
				FA3B9F8E1A03EE430070B584 /* Base */,
			);
			name = Main.storyboard;
			sourceTree = "<group>";
		};
		FA3B9F921A03EE430070B584 /* LaunchScreen.xib */ = {
			isa = PBXVariantGroup;
			children = (
				FA3B9F931A03EE430070B584 /* Base */,
			);
			name = LaunchScreen.xib;
			sourceTree = "<group>";
		};
/* End PBXVariantGroup section */

/* Begin XCBuildConfiguration section */
		FA3B9FA11A03EE430070B584 /* Debug */ = {
			isa = XCBuildConfiguration;
			buildSettings = {
				ALWAYS_SEARCH_USER_PATHS = NO;
				CLANG_CXX_LANGUAGE_STANDARD = "gnu++0x";
				CLANG_CXX_LIBRARY = "libc++";
				CLANG_ENABLE_MODULES = YES;
				CLANG_ENABLE_OBJC_ARC = YES;
				CLANG_WARN_BOOL_CONVERSION = YES;
				CLANG_WARN_CONSTANT_CONVERSION = YES;
				CLANG_WARN_DIRECT_OBJC_ISA_USAGE = YES_ERROR;
				CLANG_WARN_EMPTY_BODY = YES;
				CLANG_WARN_ENUM_CONVERSION = YES;
				CLANG_WARN_INT_CONVERSION = YES;
				CLANG_WARN_OBJC_ROOT_CLASS = YES_ERROR;
				CLANG_WARN_UNREACHABLE_CODE = YES;
				CLANG_WARN__DUPLICATE_METHOD_MATCH = YES;
				"CODE_SIGN_IDENTITY[sdk=iphoneos*]" = "iPhone Developer";
				COPY_PHASE_STRIP = NO;
				ENABLE_STRICT_OBJC_MSGSEND = YES;
				GCC_C_LANGUAGE_STANDARD = gnu99;
				GCC_DYNAMIC_NO_PIC = NO;
				GCC_OPTIMIZATION_LEVEL = 0;
				GCC_PREPROCESSOR_DEFINITIONS = (
					"DEBUG=1",
					"$(inherited)",
				);
				GCC_SYMBOLS_PRIVATE_EXTERN = NO;
				GCC_WARN_64_TO_32_BIT_CONVERSION = YES;
				GCC_WARN_ABOUT_RETURN_TYPE = YES_ERROR;
				GCC_WARN_UNDECLARED_SELECTOR = YES;
				GCC_WARN_UNINITIALIZED_AUTOS = YES_AGGRESSIVE;
				GCC_WARN_UNUSED_FUNCTION = YES;
				GCC_WARN_UNUSED_VARIABLE = YES;
				IPHONEOS_DEPLOYMENT_TARGET = 8.1;
				MTL_ENABLE_DEBUG_INFO = YES;
				ONLY_ACTIVE_ARCH = YES;
				SDKROOT = iphoneos;
				TARGETED_DEVICE_FAMILY = "1,2";
			};
			name = Debug;
		};
		FA3B9FA21A03EE430070B584 /* Release */ = {
			isa = XCBuildConfiguration;
			buildSettings = {
				ALWAYS_SEARCH_USER_PATHS = NO;
				CLANG_CXX_LANGUAGE_STANDARD = "gnu++0x";
				CLANG_CXX_LIBRARY = "libc++";
				CLANG_ENABLE_MODULES = YES;
				CLANG_ENABLE_OBJC_ARC = YES;
				CLANG_WARN_BOOL_CONVERSION = YES;
				CLANG_WARN_CONSTANT_CONVERSION = YES;
				CLANG_WARN_DIRECT_OBJC_ISA_USAGE = YES_ERROR;
				CLANG_WARN_EMPTY_BODY = YES;
				CLANG_WARN_ENUM_CONVERSION = YES;
				CLANG_WARN_INT_CONVERSION = YES;
				CLANG_WARN_OBJC_ROOT_CLASS = YES_ERROR;
				CLANG_WARN_UNREACHABLE_CODE = YES;
				CLANG_WARN__DUPLICATE_METHOD_MATCH = YES;
				"CODE_SIGN_IDENTITY[sdk=iphoneos*]" = "iPhone Developer";
				COPY_PHASE_STRIP = YES;
				ENABLE_NS_ASSERTIONS = NO;
				ENABLE_STRICT_OBJC_MSGSEND = YES;
				GCC_C_LANGUAGE_STANDARD = gnu99;
				GCC_WARN_64_TO_32_BIT_CONVERSION = YES;
				GCC_WARN_ABOUT_RETURN_TYPE = YES_ERROR;
				GCC_WARN_UNDECLARED_SELECTOR = YES;
				GCC_WARN_UNINITIALIZED_AUTOS = YES_AGGRESSIVE;
				GCC_WARN_UNUSED_FUNCTION = YES;
				GCC_WARN_UNUSED_VARIABLE = YES;
				IPHONEOS_DEPLOYMENT_TARGET = 8.1;
				MTL_ENABLE_DEBUG_INFO = NO;
				SDKROOT = iphoneos;
				TARGETED_DEVICE_FAMILY = "1,2";
				VALIDATE_PRODUCT = YES;
			};
			name = Release;
		};
		FA3B9FA41A03EE430070B584 /* Debug */ = {
			isa = XCBuildConfiguration;
			baseConfigurationReference = 74C6193B397B6B825036B822 /* Pods-Playground-iOS.debug.xcconfig */;
			buildSettings = {
				ASSETCATALOG_COMPILER_APPICON_NAME = AppIcon;
				INFOPLIST_FILE = "Playground-iOS/Info.plist";
				LD_RUNPATH_SEARCH_PATHS = "$(inherited) @executable_path/Frameworks";
				PRODUCT_NAME = "$(TARGET_NAME)";
			};
			name = Debug;
		};
		FA3B9FA51A03EE430070B584 /* Release */ = {
			isa = XCBuildConfiguration;
			baseConfigurationReference = 4675AA0CBF0A8DDE9698736B /* Pods-Playground-iOS.release.xcconfig */;
			buildSettings = {
				ASSETCATALOG_COMPILER_APPICON_NAME = AppIcon;
				INFOPLIST_FILE = "Playground-iOS/Info.plist";
				LD_RUNPATH_SEARCH_PATHS = "$(inherited) @executable_path/Frameworks";
				PRODUCT_NAME = "$(TARGET_NAME)";
			};
			name = Release;
		};
		FA3B9FA71A03EE430070B584 /* Debug */ = {
			isa = XCBuildConfiguration;
			buildSettings = {
				BUNDLE_LOADER = "$(TEST_HOST)";
				FRAMEWORK_SEARCH_PATHS = (
					"$(SDKROOT)/Developer/Library/Frameworks",
					"$(inherited)",
				);
				GCC_PREPROCESSOR_DEFINITIONS = (
					"DEBUG=1",
					"$(inherited)",
				);
				INFOPLIST_FILE = "Playground-iOSTests/Info.plist";
				LD_RUNPATH_SEARCH_PATHS = "$(inherited) @executable_path/Frameworks @loader_path/Frameworks";
				PRODUCT_NAME = "$(TARGET_NAME)";
				TEST_HOST = "$(BUILT_PRODUCTS_DIR)/Playground-iOS.app/Playground-iOS";
			};
			name = Debug;
		};
		FA3B9FA81A03EE430070B584 /* Release */ = {
			isa = XCBuildConfiguration;
			buildSettings = {
				BUNDLE_LOADER = "$(TEST_HOST)";
				FRAMEWORK_SEARCH_PATHS = (
					"$(SDKROOT)/Developer/Library/Frameworks",
					"$(inherited)",
				);
				INFOPLIST_FILE = "Playground-iOSTests/Info.plist";
				LD_RUNPATH_SEARCH_PATHS = "$(inherited) @executable_path/Frameworks @loader_path/Frameworks";
				PRODUCT_NAME = "$(TARGET_NAME)";
				TEST_HOST = "$(BUILT_PRODUCTS_DIR)/Playground-iOS.app/Playground-iOS";
			};
			name = Release;
		};
/* End XCBuildConfiguration section */

/* Begin XCConfigurationList section */
		FA3B9F7B1A03EE430070B584 /* Build configuration list for PBXProject "Playground-iOS" */ = {
			isa = XCConfigurationList;
			buildConfigurations = (
				FA3B9FA11A03EE430070B584 /* Debug */,
				FA3B9FA21A03EE430070B584 /* Release */,
			);
			defaultConfigurationIsVisible = 0;
			defaultConfigurationName = Release;
		};
		FA3B9FA31A03EE430070B584 /* Build configuration list for PBXNativeTarget "Playground-iOS" */ = {
			isa = XCConfigurationList;
			buildConfigurations = (
				FA3B9FA41A03EE430070B584 /* Debug */,
				FA3B9FA51A03EE430070B584 /* Release */,
			);
			defaultConfigurationIsVisible = 0;
			defaultConfigurationName = Release;
		};
		FA3B9FA61A03EE430070B584 /* Build configuration list for PBXNativeTarget "Playground-iOSTests" */ = {
			isa = XCConfigurationList;
			buildConfigurations = (
				FA3B9FA71A03EE430070B584 /* Debug */,
				FA3B9FA81A03EE430070B584 /* Release */,
			);
			defaultConfigurationIsVisible = 0;
			defaultConfigurationName = Release;
		};
/* End XCConfigurationList section */
	};
	rootObject = FA3B9F781A03EE430070B584 /* Project object */;
}
